
Microsoft Visual Studio Solution File, Format Version 12.00
# Visual Studio Version 17
VisualStudioVersion = 17.8.34330.188
MinimumVisualStudioVersion = 10.0.40219.1
Project("{FAE04EC0-301F-11D3-BF4B-00C04F79EFBC}") = "FormAPI", "FormAPI\FormAPI.csproj", "{6F19BA30-3B97-443C-8B73-42F090A94760}"
EndProject
Global
	GlobalSection(SolutionConfigurationPlatforms) = preSolution
		Debug|Any CPU = Debug|Any CPU
		Release|Any CPU = Release|Any CPU
	EndGlobalSection
	GlobalSection(ProjectConfigurationPlatforms) = postSolution
		{6F19BA30-3B97-443C-8B73-42F090A94760}.Debug|Any CPU.ActiveCfg = Debug|Any CPU
		{6F19BA30-3B97-443C-8B73-42F090A94760}.Debug|Any CPU.Build.0 = Debug|Any CPU
		{6F19BA30-3B97-443C-8B73-42F090A94760}.Release|Any CPU.ActiveCfg = Release|Any CPU
		{6F19BA30-3B97-443C-8B73-42F090A94760}.Release|Any CPU.Build.0 = Release|Any CPU
	EndGlobalSection
	GlobalSection(SolutionProperties) = preSolution
		HideSolutionNode = FALSE
	EndGlobalSection
	GlobalSection(ExtensibilityGlobals) = postSolution
		SolutionGuid = {E3BCF199-38CF-4D9E-A7C0-639CFAC5633D}
	EndGlobalSection
EndGlobal
